
Microsoft Visual Studio Solution File, Format Version 12.00
# Visual Studio Version 16
VisualStudioVersion = 16.0.29424.173
MinimumVisualStudioVersion = 10.0.40219.1
Project("{9A19103F-16F7-4668-BE54-9A1E7A4F7556}") = "CSP_Sudoku_BackTrack_ForwardChecking_LCV", "CSP_Sudoku\CSP_Sudoku_BackTrack_ForwardChecking_LCV.csproj", "{153EFB34-C60D-428D-B772-EB9EAB259066}"
EndProject
Global
	GlobalSection(SolutionConfigurationPlatforms) = preSolution
		Debug|Any CPU = Debug|Any CPU
		Release|Any CPU = Release|Any CPU
	EndGlobalSection
	GlobalSection(ProjectConfigurationPlatforms) = postSolution
		{153EFB34-C60D-428D-B772-EB9EAB259066}.Debug|Any CPU.ActiveCfg = Debug|Any CPU
		{153EFB34-C60D-428D-B772-EB9EAB259066}.Debug|Any CPU.Build.0 = Debug|Any CPU
		{153EFB34-C60D-428D-B772-EB9EAB259066}.Release|Any CPU.ActiveCfg = Release|Any CPU
		{153EFB34-C60D-428D-B772-EB9EAB259066}.Release|Any CPU.Build.0 = Release|Any CPU
	EndGlobalSection
	GlobalSection(SolutionProperties) = preSolution
		HideSolutionNode = FALSE
	EndGlobalSection
	GlobalSection(ExtensibilityGlobals) = postSolution
		SolutionGuid = {B509789D-9944-4BE1-B6E6-D43091683A39}
	EndGlobalSection
EndGlobal
